
Microsoft Visual Studio Solution File, Format Version 12.00
# Visual Studio Version 17
VisualStudioVersion = 17.6.33723.286
MinimumVisualStudioVersion = 10.0.40219.1
Project("{9A19103F-16F7-4668-BE54-9A1E7A4F7556}") = "A-GroTech-Api", "A-GroTech-Api.csproj", "{38733241-9315-4B86-A22A-B37D850F654D}"
EndProject
Project("{E53339B2-1760-4266-BCC7-CA923CBCF16C}") = "docker-compose", "docker-compose.dcproj", "{EBAB5B70-72A0-493E-9D78-3C4AB1A050F4}"
EndProject
Global
	GlobalSection(SolutionConfigurationPlatforms) = preSolution
		Debug|Any CPU = Debug|Any CPU
		Release|Any CPU = Release|Any CPU
	EndGlobalSection
	GlobalSection(ProjectConfigurationPlatforms) = postSolution
		{38733241-9315-4B86-A22A-B37D850F654D}.Debug|Any CPU.ActiveCfg = Debug|Any CPU
		{38733241-9315-4B86-A22A-B37D850F654D}.Debug|Any CPU.Build.0 = Debug|Any CPU
		{38733241-9315-4B86-A22A-B37D850F654D}.Release|Any CPU.ActiveCfg = Release|Any CPU
		{38733241-9315-4B86-A22A-B37D850F654D}.Release|Any CPU.Build.0 = Release|Any CPU
		{EBAB5B70-72A0-493E-9D78-3C4AB1A050F4}.Debug|Any CPU.ActiveCfg = Debug|Any CPU
		{EBAB5B70-72A0-493E-9D78-3C4AB1A050F4}.Debug|Any CPU.Build.0 = Debug|Any CPU
		{EBAB5B70-72A0-493E-9D78-3C4AB1A050F4}.Release|Any CPU.ActiveCfg = Release|Any CPU
		{EBAB5B70-72A0-493E-9D78-3C4AB1A050F4}.Release|Any CPU.Build.0 = Release|Any CPU
	EndGlobalSection
	GlobalSection(SolutionProperties) = preSolution
		HideSolutionNode = FALSE
	EndGlobalSection
	GlobalSection(ExtensibilityGlobals) = postSolution
		SolutionGuid = {D742B643-7104-43BC-A309-17ED1877DAFE}
	EndGlobalSection
EndGlobal
